
Microsoft Visual Studio Solution File, Format Version 12.00
# Visual Studio 2015
Project("{FAE04EC0-301F-11D3-BF4B-00C04F79EFBC}") = "Move_character.CSharp", "Move_character.CSharp.csproj", "{50A300E8-E2D1-9064-5A2F-D252E332179D}"
EndProject
Project("{FAE04EC0-301F-11D3-BF4B-00C04F79EFBC}") = "Move_character.CSharp.Editor", "Move_character.CSharp.Editor.csproj", "{622820E3-E5EF-749B-BBA7-3BA72F9BE054}"
EndProject
Global
	GlobalSection(SolutionConfigurationPlatforms) = preSolution
		Debug|Any CPU = Debug|Any CPU
		Release|Any CPU = Release|Any CPU
	EndGlobalSection
	GlobalSection(ProjectConfigurationPlatforms) = postSolution
		{50A300E8-E2D1-9064-5A2F-D252E332179D}.Debug|Any CPU.ActiveCfg = Debug|Any CPU
		{50A300E8-E2D1-9064-5A2F-D252E332179D}.Debug|Any CPU.Build.0 = Debug|Any CPU
		{50A300E8-E2D1-9064-5A2F-D252E332179D}.Release|Any CPU.ActiveCfg = Release|Any CPU
		{50A300E8-E2D1-9064-5A2F-D252E332179D}.Release|Any CPU.Build.0 = Release|Any CPU
		{622820E3-E5EF-749B-BBA7-3BA72F9BE054}.Debug|Any CPU.ActiveCfg = Debug|Any CPU
		{622820E3-E5EF-749B-BBA7-3BA72F9BE054}.Debug|Any CPU.Build.0 = Debug|Any CPU
		{622820E3-E5EF-749B-BBA7-3BA72F9BE054}.Release|Any CPU.ActiveCfg = Release|Any CPU
		{622820E3-E5EF-749B-BBA7-3BA72F9BE054}.Release|Any CPU.Build.0 = Release|Any CPU
	EndGlobalSection
	GlobalSection(SolutionProperties) = preSolution
		HideSolutionNode = FALSE
	EndGlobalSection
EndGlobal
